
Microsoft Visual Studio Solution File, Format Version 12.00
# Visual Studio 15
VisualStudioVersion = 15.0.27428.2011
MinimumVisualStudioVersion = 10.0.40219.1
Project("{FAE04EC0-301F-11D3-BF4B-00C04F79EFBC}") = "Block_API", "Block_API\Block_API.csproj", "{CED28228-F38F-4E40-B135-2DBACED211D0}"
EndProject
Global
	GlobalSection(SolutionConfigurationPlatforms) = preSolution
		Debug|Any CPU = Debug|Any CPU
		Release|Any CPU = Release|Any CPU
	EndGlobalSection
	GlobalSection(ProjectConfigurationPlatforms) = postSolution
		{CED28228-F38F-4E40-B135-2DBACED211D0}.Debug|Any CPU.ActiveCfg = Debug|Any CPU
		{CED28228-F38F-4E40-B135-2DBACED211D0}.Debug|Any CPU.Build.0 = Debug|Any CPU
		{CED28228-F38F-4E40-B135-2DBACED211D0}.Release|Any CPU.ActiveCfg = Release|Any CPU
		{CED28228-F38F-4E40-B135-2DBACED211D0}.Release|Any CPU.Build.0 = Release|Any CPU
	EndGlobalSection
	GlobalSection(SolutionProperties) = preSolution
		HideSolutionNode = FALSE
	EndGlobalSection
	GlobalSection(ExtensibilityGlobals) = postSolution
		SolutionGuid = {1FAEDB0A-C777-402E-84C8-505D1751EBEA}
	EndGlobalSection
EndGlobal
